{
  "name": "wgh5",
  "version": "1.0.0",
  "lockfileVersion": 1,
  "requires": true,
  "dependencies": {
    "@tarojs/extend": {
      "version": "3.0.21",
      "resolved": "https://registry.npm.taobao.org/@tarojs/extend/download/@tarojs/extend-3.0.21.tgz",
      "integrity": "sha1-TYOrYRoH9wj4zRYHXfjD6FiaNOA="
    },
    "@types/prop-types": {
      "version": "15.7.3",
      "resolved": "https://registry.npm.taobao.org/@types/prop-types/download/@types/prop-types-15.7.3.tgz?cache=0&sync_timestamp=1605055783831&other_urls=https%3A%2F%2Fregistry.npm.taobao.org%2F%40types%2Fprop-types%2Fdownload%2F%40types%2Fprop-types-15.7.3.tgz",
      "integrity": "sha1-KrDV2i5YFflLC51LldHl8kOrLKc=",
      "dev": true
    },
    "@types/react": {
      "version": "16.14.2",
      "resolved": "https://registry.npm.taobao.org/@types/react/download/@types/react-16.14.2.tgz",
      "dev": true,
      "requires": {
        "@types/prop-types": "*",
        "csstype": "^3.0.2"
      }
    },
    "csstype": {
      "version": "3.0.5",
      "resolved": "https://registry.npm.taobao.org/csstype/download/csstype-3.0.5.tgz",
      "integrity": "sha1-f97GoopnrhhkfFFmip/5W7L6e7g=",
      "dev": true
    }
  }
}
